
Microsoft Visual Studio Solution File, Format Version 12.00
# Visual Studio 15
VisualStudioVersion = 15.0.26124.0
MinimumVisualStudioVersion = 15.0.26124.0
Project("{2150E333-8FDC-42A3-9474-1A3956D46DE8}") = "src", "src", "{531F8B5D-26EC-49EC-A5E0-CA538FA4F58E}"
EndProject
Project("{FAE04EC0-301F-11D3-BF4B-00C04F79EFBC}") = "SimpleAPII", "src\SimpleAPII\SimpleAPII.csproj", "{A0D15200-E3C5-4983-8139-56D8841C0DD3}"
EndProject
Project("{2150E333-8FDC-42A3-9474-1A3956D46DE8}") = "test", "test", "{CF3A9D70-121A-4CF6-B9FC-D730002A0CA2}"
EndProject
Project("{FAE04EC0-301F-11D3-BF4B-00C04F79EFBC}") = "SimpleAPII.Tests", "test\SimpleAPII.Tests\SimpleAPII.Tests.csproj", "{98D4D625-2D99-4A1C-B84E-6A2D01C6C6F0}"
EndProject
Global
	GlobalSection(SolutionConfigurationPlatforms) = preSolution
		Debug|Any CPU = Debug|Any CPU
		Debug|x64 = Debug|x64
		Debug|x86 = Debug|x86
		Release|Any CPU = Release|Any CPU
		Release|x64 = Release|x64
		Release|x86 = Release|x86
	EndGlobalSection
	GlobalSection(SolutionProperties) = preSolution
		HideSolutionNode = FALSE
	EndGlobalSection
	GlobalSection(ProjectConfigurationPlatforms) = postSolution
		{A0D15200-E3C5-4983-8139-56D8841C0DD3}.Debug|Any CPU.ActiveCfg = Debug|Any CPU
		{A0D15200-E3C5-4983-8139-56D8841C0DD3}.Debug|Any CPU.Build.0 = Debug|Any CPU
		{A0D15200-E3C5-4983-8139-56D8841C0DD3}.Debug|x64.ActiveCfg = Debug|Any CPU
		{A0D15200-E3C5-4983-8139-56D8841C0DD3}.Debug|x64.Build.0 = Debug|Any CPU
		{A0D15200-E3C5-4983-8139-56D8841C0DD3}.Debug|x86.ActiveCfg = Debug|Any CPU
		{A0D15200-E3C5-4983-8139-56D8841C0DD3}.Debug|x86.Build.0 = Debug|Any CPU
		{A0D15200-E3C5-4983-8139-56D8841C0DD3}.Release|Any CPU.ActiveCfg = Release|Any CPU
		{A0D15200-E3C5-4983-8139-56D8841C0DD3}.Release|Any CPU.Build.0 = Release|Any CPU
		{A0D15200-E3C5-4983-8139-56D8841C0DD3}.Release|x64.ActiveCfg = Release|Any CPU
		{A0D15200-E3C5-4983-8139-56D8841C0DD3}.Release|x64.Build.0 = Release|Any CPU
		{A0D15200-E3C5-4983-8139-56D8841C0DD3}.Release|x86.ActiveCfg = Release|Any CPU
		{A0D15200-E3C5-4983-8139-56D8841C0DD3}.Release|x86.Build.0 = Release|Any CPU
		{98D4D625-2D99-4A1C-B84E-6A2D01C6C6F0}.Debug|Any CPU.ActiveCfg = Debug|Any CPU
		{98D4D625-2D99-4A1C-B84E-6A2D01C6C6F0}.Debug|Any CPU.Build.0 = Debug|Any CPU
		{98D4D625-2D99-4A1C-B84E-6A2D01C6C6F0}.Debug|x64.ActiveCfg = Debug|Any CPU
		{98D4D625-2D99-4A1C-B84E-6A2D01C6C6F0}.Debug|x64.Build.0 = Debug|Any CPU
		{98D4D625-2D99-4A1C-B84E-6A2D01C6C6F0}.Debug|x86.ActiveCfg = Debug|Any CPU
		{98D4D625-2D99-4A1C-B84E-6A2D01C6C6F0}.Debug|x86.Build.0 = Debug|Any CPU
		{98D4D625-2D99-4A1C-B84E-6A2D01C6C6F0}.Release|Any CPU.ActiveCfg = Release|Any CPU
		{98D4D625-2D99-4A1C-B84E-6A2D01C6C6F0}.Release|Any CPU.Build.0 = Release|Any CPU
		{98D4D625-2D99-4A1C-B84E-6A2D01C6C6F0}.Release|x64.ActiveCfg = Release|Any CPU
		{98D4D625-2D99-4A1C-B84E-6A2D01C6C6F0}.Release|x64.Build.0 = Release|Any CPU
		{98D4D625-2D99-4A1C-B84E-6A2D01C6C6F0}.Release|x86.ActiveCfg = Release|Any CPU
		{98D4D625-2D99-4A1C-B84E-6A2D01C6C6F0}.Release|x86.Build.0 = Release|Any CPU
	EndGlobalSection
	GlobalSection(NestedProjects) = preSolution
		{A0D15200-E3C5-4983-8139-56D8841C0DD3} = {531F8B5D-26EC-49EC-A5E0-CA538FA4F58E}
		{98D4D625-2D99-4A1C-B84E-6A2D01C6C6F0} = {CF3A9D70-121A-4CF6-B9FC-D730002A0CA2}
	EndGlobalSection
EndGlobal
